
Microsoft Visual Studio Solution File, Format Version 12.00
# Visual Studio 2012
Project("{FAE04EC0-301F-11D3-BF4B-00C04F79EFBC}") = "MaterialDesign", "MaterialDesign\MaterialDesign.csproj", "{53FFAC90-E484-4CB6-9B19-0919DCA7729F}"
EndProject
Project("{FAE04EC0-301F-11D3-BF4B-00C04F79EFBC}") = "MaterialDesign.iOS", "iOS\MaterialDesign.iOS.csproj", "{55124D2A-B988-466C-9E64-BB0DA00AE390}"
EndProject
Project("{FAE04EC0-301F-11D3-BF4B-00C04F79EFBC}") = "MaterialDesign.Droid", "Droid\MaterialDesign.Droid.csproj", "{B1749978-B3EF-45A4-8759-6F69E4A4E2E0}"
EndProject
Global
	GlobalSection(SolutionConfigurationPlatforms) = preSolution
		Debug|Any CPU = Debug|Any CPU
		Release|Any CPU = Release|Any CPU
		Debug|iPhoneSimulator = Debug|iPhoneSimulator
		Release|iPhone = Release|iPhone
		Release|iPhoneSimulator = Release|iPhoneSimulator
		Debug|iPhone = Debug|iPhone
	EndGlobalSection
	GlobalSection(ProjectConfigurationPlatforms) = postSolution
		{53FFAC90-E484-4CB6-9B19-0919DCA7729F}.Debug|Any CPU.ActiveCfg = Debug|Any CPU
		{53FFAC90-E484-4CB6-9B19-0919DCA7729F}.Debug|Any CPU.Build.0 = Debug|Any CPU
		{53FFAC90-E484-4CB6-9B19-0919DCA7729F}.Release|Any CPU.ActiveCfg = Release|Any CPU
		{53FFAC90-E484-4CB6-9B19-0919DCA7729F}.Release|Any CPU.Build.0 = Release|Any CPU
		{53FFAC90-E484-4CB6-9B19-0919DCA7729F}.Debug|iPhoneSimulator.ActiveCfg = Debug|Any CPU
		{53FFAC90-E484-4CB6-9B19-0919DCA7729F}.Debug|iPhoneSimulator.Build.0 = Debug|Any CPU
		{53FFAC90-E484-4CB6-9B19-0919DCA7729F}.Release|iPhone.ActiveCfg = Release|Any CPU
		{53FFAC90-E484-4CB6-9B19-0919DCA7729F}.Release|iPhone.Build.0 = Release|Any CPU
		{53FFAC90-E484-4CB6-9B19-0919DCA7729F}.Release|iPhoneSimulator.ActiveCfg = Release|Any CPU
		{53FFAC90-E484-4CB6-9B19-0919DCA7729F}.Release|iPhoneSimulator.Build.0 = Release|Any CPU
		{53FFAC90-E484-4CB6-9B19-0919DCA7729F}.Debug|iPhone.ActiveCfg = Debug|Any CPU
		{53FFAC90-E484-4CB6-9B19-0919DCA7729F}.Debug|iPhone.Build.0 = Debug|Any CPU
		{55124D2A-B988-466C-9E64-BB0DA00AE390}.Debug|Any CPU.ActiveCfg = Debug|iPhoneSimulator
		{55124D2A-B988-466C-9E64-BB0DA00AE390}.Debug|Any CPU.Build.0 = Debug|iPhoneSimulator
		{55124D2A-B988-466C-9E64-BB0DA00AE390}.Release|Any CPU.ActiveCfg = Release|iPhone
		{55124D2A-B988-466C-9E64-BB0DA00AE390}.Release|Any CPU.Build.0 = Release|iPhone
		{55124D2A-B988-466C-9E64-BB0DA00AE390}.Debug|iPhoneSimulator.ActiveCfg = Debug|iPhoneSimulator
		{55124D2A-B988-466C-9E64-BB0DA00AE390}.Debug|iPhoneSimulator.Build.0 = Debug|iPhoneSimulator
		{55124D2A-B988-466C-9E64-BB0DA00AE390}.Release|iPhone.ActiveCfg = Release|iPhone
		{55124D2A-B988-466C-9E64-BB0DA00AE390}.Release|iPhone.Build.0 = Release|iPhone
		{55124D2A-B988-466C-9E64-BB0DA00AE390}.Release|iPhoneSimulator.ActiveCfg = Release|iPhoneSimulator
		{55124D2A-B988-466C-9E64-BB0DA00AE390}.Release|iPhoneSimulator.Build.0 = Release|iPhoneSimulator
		{55124D2A-B988-466C-9E64-BB0DA00AE390}.Debug|iPhone.ActiveCfg = Debug|iPhone
		{55124D2A-B988-466C-9E64-BB0DA00AE390}.Debug|iPhone.Build.0 = Debug|iPhone
		{B1749978-B3EF-45A4-8759-6F69E4A4E2E0}.Debug|Any CPU.ActiveCfg = Debug|Any CPU
		{B1749978-B3EF-45A4-8759-6F69E4A4E2E0}.Debug|Any CPU.Build.0 = Debug|Any CPU
		{B1749978-B3EF-45A4-8759-6F69E4A4E2E0}.Release|Any CPU.ActiveCfg = Release|Any CPU
		{B1749978-B3EF-45A4-8759-6F69E4A4E2E0}.Release|Any CPU.Build.0 = Release|Any CPU
		{B1749978-B3EF-45A4-8759-6F69E4A4E2E0}.Debug|iPhoneSimulator.ActiveCfg = Debug|Any CPU
		{B1749978-B3EF-45A4-8759-6F69E4A4E2E0}.Debug|iPhoneSimulator.Build.0 = Debug|Any CPU
		{B1749978-B3EF-45A4-8759-6F69E4A4E2E0}.Release|iPhone.ActiveCfg = Release|Any CPU
		{B1749978-B3EF-45A4-8759-6F69E4A4E2E0}.Release|iPhone.Build.0 = Release|Any CPU
		{B1749978-B3EF-45A4-8759-6F69E4A4E2E0}.Release|iPhoneSimulator.ActiveCfg = Release|Any CPU
		{B1749978-B3EF-45A4-8759-6F69E4A4E2E0}.Release|iPhoneSimulator.Build.0 = Release|Any CPU
		{B1749978-B3EF-45A4-8759-6F69E4A4E2E0}.Debug|iPhone.ActiveCfg = Debug|Any CPU
		{B1749978-B3EF-45A4-8759-6F69E4A4E2E0}.Debug|iPhone.Build.0 = Debug|Any CPU
	EndGlobalSection
EndGlobal
